
Microsoft Visual Studio Solution File, Format Version 12.00
# Visual Studio Version 17
VisualStudioVersion = 17.5.002.0
MinimumVisualStudioVersion = 10.0.40219.1
Project("{9A19103F-16F7-4668-BE54-9A1E7A4F7556}") = "api", "api\api.csproj", "{490A50DA-7569-474A-A8C0-3394901B10AF}"
EndProject
Global
	GlobalSection(SolutionConfigurationPlatforms) = preSolution
		Debug|Any CPU = Debug|Any CPU
		Release|Any CPU = Release|Any CPU
	EndGlobalSection
	GlobalSection(ProjectConfigurationPlatforms) = postSolution
		{490A50DA-7569-474A-A8C0-3394901B10AF}.Debug|Any CPU.ActiveCfg = Debug|Any CPU
		{490A50DA-7569-474A-A8C0-3394901B10AF}.Debug|Any CPU.Build.0 = Debug|Any CPU
		{490A50DA-7569-474A-A8C0-3394901B10AF}.Release|Any CPU.ActiveCfg = Release|Any CPU
		{490A50DA-7569-474A-A8C0-3394901B10AF}.Release|Any CPU.Build.0 = Release|Any CPU
	EndGlobalSection
	GlobalSection(SolutionProperties) = preSolution
		HideSolutionNode = FALSE
	EndGlobalSection
	GlobalSection(ExtensibilityGlobals) = postSolution
		SolutionGuid = {63BBF99A-243B-4E48-9981-D40955592357}
	EndGlobalSection
EndGlobal
